// !$*UTF8*$!
{
	archiveVersion = 1;
	classes = {
	};
	objectVersion = 56;
	objects = {

/* Begin PBXBuildFile section */
		933B744A2B6E05360088E182 /* AppDelegate.swift in Sources */ = {isa = PBXBuildFile; fileRef = 933B74492B6E05360088E182 /* AppDelegate.swift */; };
		933B744C2B6E05360088E182 /* SceneDelegate.swift in Sources */ = {isa = PBXBuildFile; fileRef = 933B744B2B6E05360088E182 /* SceneDelegate.swift */; };
		933B744E2B6E05360088E182 /* ViewController.swift in Sources */ = {isa = PBXBuildFile; fileRef = 933B744D2B6E05360088E182 /* ViewController.swift */; };
		933B74512B6E05360088E182 /* Main.storyboard in Resources */ = {isa = PBXBuildFile; fileRef = 933B744F2B6E05360088E182 /* Main.storyboard */; };
		933B74532B6E05390088E182 /* Assets.xcassets in Resources */ = {isa = PBXBuildFile; fileRef = 933B74522B6E05390088E182 /* Assets.xcassets */; };
		933B74562B6E05390088E182 /* LaunchScreen.storyboard in Resources */ = {isa = PBXBuildFile; fileRef = 933B74542B6E05390088E182 /* LaunchScreen.storyboard */; };
		933B74612B6E053A0088E182 /* PreLab_Assisgment_CodeworkTests.swift in Sources */ = {isa = PBXBuildFile; fileRef = 933B74602B6E053A0088E182 /* PreLab_Assisgment_CodeworkTests.swift */; };
		933B746B2B6E053A0088E182 /* PreLab_Assisgment_CodeworkUITests.swift in Sources */ = {isa = PBXBuildFile; fileRef = 933B746A2B6E053A0088E182 /* PreLab_Assisgment_CodeworkUITests.swift */; };
		933B746D2B6E053A0088E182 /* PreLab_Assisgment_CodeworkUITestsLaunchTests.swift in Sources */ = {isa = PBXBuildFile; fileRef = 933B746C2B6E053A0088E182 /* PreLab_Assisgment_CodeworkUITestsLaunchTests.swift */; };
/* End PBXBuildFile section */

/* Begin PBXContainerItemProxy section */
		933B745D2B6E053A0088E182 /* PBXContainerItemProxy */ = {
			isa = PBXContainerItemProxy;
			containerPortal = 933B743E2B6E05360088E182 /* Project object */;
			proxyType = 1;
			remoteGlobalIDString = 933B74452B6E05360088E182;
			remoteInfo = "PreLab Assisgment Codework";
		};
		933B74672B6E053A0088E182 /* PBXContainerItemProxy */ = {
			isa = PBXContainerItemProxy;
			containerPortal = 933B743E2B6E05360088E182 /* Project object */;
			proxyType = 1;
			remoteGlobalIDString = 933B74452B6E05360088E182;
			remoteInfo = "PreLab Assisgment Codework";
		};
/* End PBXContainerItemProxy section */

/* Begin PBXFileReference section */
		933B74462B6E05360088E182 /* PreLab Assisgment Codework.app */ = {isa = PBXFileReference; explicitFileType = wrapper.application; includeInIndex = 0; path = "PreLab Assisgment Codework.app"; sourceTree = BUILT_PRODUCTS_DIR; };
		933B74492B6E05360088E182 /* AppDelegate.swift */ = {isa = PBXFileReference; lastKnownFileType = sourcecode.swift; path = AppDelegate.swift; sourceTree = "<group>"; };
		933B744B2B6E05360088E182 /* SceneDelegate.swift */ = {isa = PBXFileReference; lastKnownFileType = sourcecode.swift; path = SceneDelegate.swift; sourceTree = "<group>"; };
		933B744D2B6E05360088E182 /* ViewController.swift */ = {isa = PBXFileReference; lastKnownFileType = sourcecode.swift; path = ViewController.swift; sourceTree = "<group>"; };
		933B74502B6E05360088E182 /* Base */ = {isa = PBXFileReference; lastKnownFileType = file.storyboard; name = Base; path = Base.lproj/Main.storyboard; sourceTree = "<group>"; };
		933B74522B6E05390088E182 /* Assets.xcassets */ = {isa = PBXFileReference; lastKnownFileType = folder.assetcatalog; path = Assets.xcassets; sourceTree = "<group>"; };
		933B74552B6E05390088E182 /* Base */ = {isa = PBXFileReference; lastKnownFileType = file.storyboard; name = Base; path = Base.lproj/LaunchScreen.storyboard; sourceTree = "<group>"; };
		933B74572B6E05390088E182 /* Info.plist */ = {isa = PBXFileReference; lastKnownFileType = text.plist.xml; path = Info.plist; sourceTree = "<group>"; };
		933B745C2B6E053A0088E182 /* PreLab Assisgment CodeworkTests.xctest */ = {isa = PBXFileReference; explicitFileType = wrapper.cfbundle; includeInIndex = 0; path = "PreLab Assisgment CodeworkTests.xctest"; sourceTree = BUILT_PRODUCTS_DIR; };
		933B74602B6E053A0088E182 /* PreLab_Assisgment_CodeworkTests.swift */ = {isa = PBXFileReference; lastKnownFileType = sourcecode.swift; path = PreLab_Assisgment_CodeworkTests.swift; sourceTree = "<group>"; };
		933B74662B6E053A0088E182 /* PreLab Assisgment CodeworkUITests.xctest */ = {isa = PBXFileReference; explicitFileType = wrapper.cfbundle; includeInIndex = 0; path = "PreLab Assisgment CodeworkUITests.xctest"; sourceTree = BUILT_PRODUCTS_DIR; };
		933B746A2B6E053A0088E182 /* PreLab_Assisgment_CodeworkUITests.swift */ = {isa = PBXFileReference; lastKnownFileType = sourcecode.swift; path = PreLab_Assisgment_CodeworkUITests.swift; sourceTree = "<group>"; };
		933B746C2B6E053A0088E182 /* PreLab_Assisgment_CodeworkUITestsLaunchTests.swift */ = {isa = PBXFileReference; lastKnownFileType = sourcecode.swift; path = PreLab_Assisgment_CodeworkUITestsLaunchTests.swift; sourceTree = "<group>"; };
/* End PBXFileReference section */

/* Begin PBXFrameworksBuildPhase section */
		933B74432B6E05360088E182 /* Frameworks */ = {
			isa = PBXFrameworksBuildPhase;
			buildActionMask = 2147483647;
			files = (
			);
			runOnlyForDeploymentPostprocessing = 0;
		};
		933B74592B6E053A0088E182 /* Frameworks */ = {
			isa = PBXFrameworksBuildPhase;
			buildActionMask = 2147483647;
			files = (
			);
			runOnlyForDeploymentPostprocessing = 0;
		};
		933B74632B6E053A0088E182 /* Frameworks */ = {
			isa = PBXFrameworksBuildPhase;
			buildActionMask = 2147483647;
			files = (
			);
			runOnlyForDeploymentPostprocessing = 0;
		};
/* End PBXFrameworksBuildPhase section */

/* Begin PBXGroup section */
		933B743D2B6E05360088E182 = {
			isa = PBXGroup;
			children = (
				933B74482B6E05360088E182 /* PreLab Assisgment Codework */,
				933B745F2B6E053A0088E182 /* PreLab Assisgment CodeworkTests */,
				933B74692B6E053A0088E182 /* PreLab Assisgment CodeworkUITests */,
				933B74472B6E05360088E182 /* Products */,
			);
			sourceTree = "<group>";
		};
		933B74472B6E05360088E182 /* Products */ = {
			isa = PBXGroup;
			children = (
				933B74462B6E05360088E182 /* PreLab Assisgment Codework.app */,
				933B745C2B6E053A0088E182 /* PreLab Assisgment CodeworkTests.xctest */,
				933B74662B6E053A0088E182 /* PreLab Assisgment CodeworkUITests.xctest */,
			);
			name = Products;
			sourceTree = "<group>";
		};
		933B74482B6E05360088E182 /* PreLab Assisgment Codework */ = {
			isa = PBXGroup;
			children = (
				933B74492B6E05360088E182 /* AppDelegate.swift */,
				933B744B2B6E05360088E182 /* SceneDelegate.swift */,
				933B744D2B6E05360088E182 /* ViewController.swift */,
				933B744F2B6E05360088E182 /* Main.storyboard */,
				933B74522B6E05390088E182 /* Assets.xcassets */,
				933B74542B6E05390088E182 /* LaunchScreen.storyboard */,
				933B74572B6E05390088E182 /* Info.plist */,
			);
			path = "PreLab Assisgment Codework";
			sourceTree = "<group>";
		};
		933B745F2B6E053A0088E182 /* PreLab Assisgment CodeworkTests */ = {
			isa = PBXGroup;
			children = (
				933B74602B6E053A0088E182 /* PreLab_Assisgment_CodeworkTests.swift */,
			);
			path = "PreLab Assisgment CodeworkTests";
			sourceTree = "<group>";
		};
		933B74692B6E053A0088E182 /* PreLab Assisgment CodeworkUITests */ = {
			isa = PBXGroup;
			children = (
				933B746A2B6E053A0088E182 /* PreLab_Assisgment_CodeworkUITests.swift */,
				933B746C2B6E053A0088E182 /* PreLab_Assisgment_CodeworkUITestsLaunchTests.swift */,
			);
			path = "PreLab Assisgment CodeworkUITests";
			sourceTree = "<group>";
		};
/* End PBXGroup section */

/* Begin PBXNativeTarget section */
		933B74452B6E05360088E182 /* PreLab Assisgment Codework */ = {
			isa = PBXNativeTarget;
			buildConfigurationList = 933B74702B6E053A0088E182 /* Build configuration list for PBXNativeTarget "PreLab Assisgment Codework" */;
			buildPhases = (
				933B74422B6E05360088E182 /* Sources */,
				933B74432B6E05360088E182 /* Frameworks */,
				933B74442B6E05360088E182 /* Resources */,
			);
			buildRules = (
			);
			dependencies = (
			);
			name = "PreLab Assisgment Codework";
			productName = "PreLab Assisgment Codework";
			productReference = 933B74462B6E05360088E182 /* PreLab Assisgment Codework.app */;
			productType = "com.apple.product-type.application";
		};
		933B745B2B6E053A0088E182 /* PreLab Assisgment CodeworkTests */ = {
			isa = PBXNativeTarget;
			buildConfigurationList = 933B74732B6E053A0088E182 /* Build configuration list for PBXNativeTarget "PreLab Assisgment CodeworkTests" */;
			buildPhases = (
				933B74582B6E053A0088E182 /* Sources */,
				933B74592B6E053A0088E182 /* Frameworks */,
				933B745A2B6E053A0088E182 /* Resources */,
			);
			buildRules = (
			);
			dependencies = (
				933B745E2B6E053A0088E182 /* PBXTargetDependency */,
			);
			name = "PreLab Assisgment CodeworkTests";
			productName = "PreLab Assisgment CodeworkTests";
			productReference = 933B745C2B6E053A0088E182 /* PreLab Assisgment CodeworkTests.xctest */;
			productType = "com.apple.product-type.bundle.unit-test";
		};
		933B74652B6E053A0088E182 /* PreLab Assisgment CodeworkUITests */ = {
			isa = PBXNativeTarget;
			buildConfigurationList = 933B74762B6E053A0088E182 /* Build configuration list for PBXNativeTarget "PreLab Assisgment CodeworkUITests" */;
			buildPhases = (
				933B74622B6E053A0088E182 /* Sources */,
				933B74632B6E053A0088E182 /* Frameworks */,
				933B74642B6E053A0088E182 /* Resources */,
			);
			buildRules = (
			);
			dependencies = (
				933B74682B6E053A0088E182 /* PBXTargetDependency */,
			);
			name = "PreLab Assisgment CodeworkUITests";
			productName = "PreLab Assisgment CodeworkUITests";
			productReference = 933B74662B6E053A0088E182 /* PreLab Assisgment CodeworkUITests.xctest */;
			productType = "com.apple.product-type.bundle.ui-testing";
		};
/* End PBXNativeTarget section */

/* Begin PBXProject section */
		933B743E2B6E05360088E182 /* Project object */ = {
			isa = PBXProject;
			attributes = {
				BuildIndependentTargetsInParallel = 1;
				LastSwiftUpdateCheck = 1520;
				LastUpgradeCheck = 1520;
				TargetAttributes = {
					933B74452B6E05360088E182 = {
						CreatedOnToolsVersion = 15.2;
					};
					933B745B2B6E053A0088E182 = {
						CreatedOnToolsVersion = 15.2;
						TestTargetID = 933B74452B6E05360088E182;
					};
					933B74652B6E053A0088E182 = {
						CreatedOnToolsVersion = 15.2;
						TestTargetID = 933B74452B6E05360088E182;
					};
				};
			};
			buildConfigurationList = 933B74412B6E05360088E182 /* Build configuration list for PBXProject "PreLab Assisgment Codework" */;
			compatibilityVersion = "Xcode 14.0";
			developmentRegion = en;
			hasScannedForEncodings = 0;
			knownRegions = (
				en,
				Base,
			);
			mainGroup = 933B743D2B6E05360088E182;
			productRefGroup = 933B74472B6E05360088E182 /* Products */;
			projectDirPath = "";
			projectRoot = "";
			targets = (
				933B74452B6E05360088E182 /* PreLab Assisgment Codework */,
				933B745B2B6E053A0088E182 /* PreLab Assisgment CodeworkTests */,
				933B74652B6E053A0088E182 /* PreLab Assisgment CodeworkUITests */,
			);
		};
/* End PBXProject section */

/* Begin PBXResourcesBuildPhase section */
		933B74442B6E05360088E182 /* Resources */ = {
			isa = PBXResourcesBuildPhase;
			buildActionMask = 2147483647;
			files = (
				933B74562B6E05390088E182 /* LaunchScreen.storyboard in Resources */,
				933B74532B6E05390088E182 /* Assets.xcassets in Resources */,
				933B74512B6E05360088E182 /* Main.storyboard in Resources */,
			);
			runOnlyForDeploymentPostprocessing = 0;
		};
		933B745A2B6E053A0088E182 /* Resources */ = {
			isa = PBXResourcesBuildPhase;
			buildActionMask = 2147483647;
			files = (
			);
			runOnlyForDeploymentPostprocessing = 0;
		};
		933B74642B6E053A0088E182 /* Resources */ = {
			isa = PBXResourcesBuildPhase;
			buildActionMask = 2147483647;
			files = (
			);
			runOnlyForDeploymentPostprocessing = 0;
		};
/* End PBXResourcesBuildPhase section */

/* Begin PBXSourcesBuildPhase section */
		933B74422B6E05360088E182 /* Sources */ = {
			isa = PBXSourcesBuildPhase;
			buildActionMask = 2147483647;
			files = (
				933B744E2B6E05360088E182 /* ViewController.swift in Sources */,
				933B744A2B6E05360088E182 /* AppDelegate.swift in Sources */,
				933B744C2B6E05360088E182 /* SceneDelegate.swift in Sources */,
			);
			runOnlyForDeploymentPostprocessing = 0;
		};
		933B74582B6E053A0088E182 /* Sources */ = {
			isa = PBXSourcesBuildPhase;
			buildActionMask = 2147483647;
			files = (
				933B74612B6E053A0088E182 /* PreLab_Assisgment_CodeworkTests.swift in Sources */,
			);
			runOnlyForDeploymentPostprocessing = 0;
		};
		933B74622B6E053A0088E182 /* Sources */ = {
			isa = PBXSourcesBuildPhase;
			buildActionMask = 2147483647;
			files = (
				933B746D2B6E053A0088E182 /* PreLab_Assisgment_CodeworkUITestsLaunchTests.swift in Sources */,
				933B746B2B6E053A0088E182 /* PreLab_Assisgment_CodeworkUITests.swift in Sources */,
			);
			runOnlyForDeploymentPostprocessing = 0;
		};
/* End PBXSourcesBuildPhase section */

/* Begin PBXTargetDependency section */
		933B745E2B6E053A0088E182 /* PBXTargetDependency */ = {
			isa = PBXTargetDependency;
			target = 933B74452B6E05360088E182 /* PreLab Assisgment Codework */;
			targetProxy = 933B745D2B6E053A0088E182 /* PBXContainerItemProxy */;
		};
		933B74682B6E053A0088E182 /* PBXTargetDependency */ = {
			isa = PBXTargetDependency;
			target = 933B74452B6E05360088E182 /* PreLab Assisgment Codework */;
			targetProxy = 933B74672B6E053A0088E182 /* PBXContainerItemProxy */;
		};
/* End PBXTargetDependency section */

/* Begin PBXVariantGroup section */
		933B744F2B6E05360088E182 /* Main.storyboard */ = {
			isa = PBXVariantGroup;
			children = (
				933B74502B6E05360088E182 /* Base */,
			);
			name = Main.storyboard;
			sourceTree = "<group>";
		};
		933B74542B6E05390088E182 /* LaunchScreen.storyboard */ = {
			isa = PBXVariantGroup;
			children = (
				933B74552B6E05390088E182 /* Base */,
			);
			name = LaunchScreen.storyboard;
			sourceTree = "<group>";
		};
/* End PBXVariantGroup section */

/* Begin XCBuildConfiguration section */
		933B746E2B6E053A0088E182 /* Debug */ = {
			isa = XCBuildConfiguration;
			buildSettings = {
				ALWAYS_SEARCH_USER_PATHS = NO;
				ASSETCATALOG_COMPILER_GENERATE_SWIFT_ASSET_SYMBOL_EXTENSIONS = YES;
				CLANG_ANALYZER_NONNULL = YES;
				CLANG_ANALYZER_NUMBER_OBJECT_CONVERSION = YES_AGGRESSIVE;
				CLANG_CXX_LANGUAGE_STANDARD = "gnu++20";
				CLANG_ENABLE_MODULES = YES;
				CLANG_ENABLE_OBJC_ARC = YES;
				CLANG_ENABLE_OBJC_WEAK = YES;
				CLANG_WARN_BLOCK_CAPTURE_AUTORELEASING = YES;
				CLANG_WARN_BOOL_CONVERSION = YES;
				CLANG_WARN_COMMA = YES;
				CLANG_WARN_CONSTANT_CONVERSION = YES;
				CLANG_WARN_DEPRECATED_OBJC_IMPLEMENTATIONS = YES;
				CLANG_WARN_DIRECT_OBJC_ISA_USAGE = YES_ERROR;
				CLANG_WARN_DOCUMENTATION_COMMENTS = YES;
				CLANG_WARN_EMPTY_BODY = YES;
				CLANG_WARN_ENUM_CONVERSION = YES;
				CLANG_WARN_INFINITE_RECURSION = YES;
				CLANG_WARN_INT_CONVERSION = YES;
				CLANG_WARN_NON_LITERAL_NULL_CONVERSION = YES;
				CLANG_WARN_OBJC_IMPLICIT_RETAIN_SELF = YES;
				CLANG_WARN_OBJC_LITERAL_CONVERSION = YES;
				CLANG_WARN_OBJC_ROOT_CLASS = YES_ERROR;
				CLANG_WARN_QUOTED_INCLUDE_IN_FRAMEWORK_HEADER = YES;
				CLANG_WARN_RANGE_LOOP_ANALYSIS = YES;
				CLANG_WARN_STRICT_PROTOTYPES = YES;
				CLANG_WARN_SUSPICIOUS_MOVE = YES;
				CLANG_WARN_UNGUARDED_AVAILABILITY = YES_AGGRESSIVE;
				CLANG_WARN_UNREACHABLE_CODE = YES;
				CLANG_WARN__DUPLICATE_METHOD_MATCH = YES;
				COPY_PHASE_STRIP = NO;
				DEBUG_INFORMATION_FORMAT = dwarf;
				ENABLE_STRICT_OBJC_MSGSEND = YES;
				ENABLE_TESTABILITY = YES;
				ENABLE_USER_SCRIPT_SANDBOXING = YES;
				GCC_C_LANGUAGE_STANDARD = gnu17;
				GCC_DYNAMIC_NO_PIC = NO;
				GCC_NO_COMMON_BLOCKS = YES;
				GCC_OPTIMIZATION_LEVEL = 0;
				GCC_PREPROCESSOR_DEFINITIONS = (
					"DEBUG=1",
					"$(inherited)",
				);
				GCC_WARN_64_TO_32_BIT_CONVERSION = YES;
				GCC_WARN_ABOUT_RETURN_TYPE = YES_ERROR;
				GCC_WARN_UNDECLARED_SELECTOR = YES;
				GCC_WARN_UNINITIALIZED_AUTOS = YES_AGGRESSIVE;
				GCC_WARN_UNUSED_FUNCTION = YES;
				GCC_WARN_UNUSED_VARIABLE = YES;
				IPHONEOS_DEPLOYMENT_TARGET = 17.2;
				LOCALIZATION_PREFERS_STRING_CATALOGS = YES;
				MTL_ENABLE_DEBUG_INFO = INCLUDE_SOURCE;
				MTL_FAST_MATH = YES;
				ONLY_ACTIVE_ARCH = YES;
				SDKROOT = iphoneos;
				SWIFT_ACTIVE_COMPILATION_CONDITIONS = "DEBUG $(inherited)";
				SWIFT_OPTIMIZATION_LEVEL = "-Onone";
			};
			name = Debug;
		};
		933B746F2B6E053A0088E182 /* Release */ = {
			isa = XCBuildConfiguration;
			buildSettings = {
				ALWAYS_SEARCH_USER_PATHS = NO;
				ASSETCATALOG_COMPILER_GENERATE_SWIFT_ASSET_SYMBOL_EXTENSIONS = YES;
				CLANG_ANALYZER_NONNULL = YES;
				CLANG_ANALYZER_NUMBER_OBJECT_CONVERSION = YES_AGGRESSIVE;
				CLANG_CXX_LANGUAGE_STANDARD = "gnu++20";
				CLANG_ENABLE_MODULES = YES;
				CLANG_ENABLE_OBJC_ARC = YES;
				CLANG_ENABLE_OBJC_WEAK = YES;
				CLANG_WARN_BLOCK_CAPTURE_AUTORELEASING = YES;
				CLANG_WARN_BOOL_CONVERSION = YES;
				CLANG_WARN_COMMA = YES;
				CLANG_WARN_CONSTANT_CONVERSION = YES;
				CLANG_WARN_DEPRECATED_OBJC_IMPLEMENTATIONS = YES;
				CLANG_WARN_DIRECT_OBJC_ISA_USAGE = YES_ERROR;
				CLANG_WARN_DOCUMENTATION_COMMENTS = YES;
				CLANG_WARN_EMPTY_BODY = YES;
				CLANG_WARN_ENUM_CONVERSION = YES;
				CLANG_WARN_INFINITE_RECURSION = YES;
				CLANG_WARN_INT_CONVERSION = YES;
				CLANG_WARN_NON_LITERAL_NULL_CONVERSION = YES;
				CLANG_WARN_OBJC_IMPLICIT_RETAIN_SELF = YES;
				CLANG_WARN_OBJC_LITERAL_CONVERSION = YES;
				CLANG_WARN_OBJC_ROOT_CLASS = YES_ERROR;
				CLANG_WARN_QUOTED_INCLUDE_IN_FRAMEWORK_HEADER = YES;
				CLANG_WARN_RANGE_LOOP_ANALYSIS = YES;
				CLANG_WARN_STRICT_PROTOTYPES = YES;
				CLANG_WARN_SUSPICIOUS_MOVE = YES;
				CLANG_WARN_UNGUARDED_AVAILABILITY = YES_AGGRESSIVE;
				CLANG_WARN_UNREACHABLE_CODE = YES;
				CLANG_WARN__DUPLICATE_METHOD_MATCH = YES;
				COPY_PHASE_STRIP = NO;
				DEBUG_INFORMATION_FORMAT = "dwarf-with-dsym";
				ENABLE_NS_ASSERTIONS = NO;
				ENABLE_STRICT_OBJC_MSGSEND = YES;
				ENABLE_USER_SCRIPT_SANDBOXING = YES;
				GCC_C_LANGUAGE_STANDARD = gnu17;
				GCC_NO_COMMON_BLOCKS = YES;
				GCC_WARN_64_TO_32_BIT_CONVERSION = YES;
				GCC_WARN_ABOUT_RETURN_TYPE = YES_ERROR;
				GCC_WARN_UNDECLARED_SELECTOR = YES;
				GCC_WARN_UNINITIALIZED_AUTOS = YES_AGGRESSIVE;
				GCC_WARN_UNUSED_FUNCTION = YES;
				GCC_WARN_UNUSED_VARIABLE = YES;
				IPHONEOS_DEPLOYMENT_TARGET = 17.2;
				LOCALIZATION_PREFERS_STRING_CATALOGS = YES;
				MTL_ENABLE_DEBUG_INFO = NO;
				MTL_FAST_MATH = YES;
				SDKROOT = iphoneos;
				SWIFT_COMPILATION_MODE = wholemodule;
				VALIDATE_PRODUCT = YES;
			};
			name = Release;
		};
		933B74712B6E053A0088E182 /* Debug */ = {
			isa = XCBuildConfiguration;
			buildSettings = {
				ASSETCATALOG_COMPILER_APPICON_NAME = AppIcon;
				ASSETCATALOG_COMPILER_GLOBAL_ACCENT_COLOR_NAME = AccentColor;
				CODE_SIGN_STYLE = Automatic;
				CURRENT_PROJECT_VERSION = 1;
				GENERATE_INFOPLIST_FILE = YES;
				INFOPLIST_FILE = "PreLab Assisgment Codework/Info.plist";
				INFOPLIST_KEY_UIApplicationSupportsIndirectInputEvents = YES;
				INFOPLIST_KEY_UILaunchStoryboardName = LaunchScreen;
				INFOPLIST_KEY_UIMainStoryboardFile = Main;
				INFOPLIST_KEY_UISupportedInterfaceOrientations_iPad = "UIInterfaceOrientationPortrait UIInterfaceOrientationPortraitUpsideDown UIInterfaceOrientationLandscapeLeft UIInterfaceOrientationLandscapeRight";
				INFOPLIST_KEY_UISupportedInterfaceOrientations_iPhone = "UIInterfaceOrientationPortrait UIInterfaceOrientationLandscapeLeft UIInterfaceOrientationLandscapeRight";
				LD_RUNPATH_SEARCH_PATHS = (
					"$(inherited)",
					"@executable_path/Frameworks",
				);
				MARKETING_VERSION = 1.0;
				PRODUCT_BUNDLE_IDENTIFIER = "Adrian-Hernandez.PreLab-Assisgment-Codework";
				PRODUCT_NAME = "$(TARGET_NAME)";
				SWIFT_EMIT_LOC_STRINGS = YES;
				SWIFT_VERSION = 5.0;
				TARGETED_DEVICE_FAMILY = "1,2";
			};
			name = Debug;
		};
		933B74722B6E053A0088E182 /* Release */ = {
			isa = XCBuildConfiguration;
			buildSettings = {
				ASSETCATALOG_COMPILER_APPICON_NAME = AppIcon;
				ASSETCATALOG_COMPILER_GLOBAL_ACCENT_COLOR_NAME = AccentColor;
				CODE_SIGN_STYLE = Automatic;
				CURRENT_PROJECT_VERSION = 1;
				GENERATE_INFOPLIST_FILE = YES;
				INFOPLIST_FILE = "PreLab Assisgment Codework/Info.plist";
				INFOPLIST_KEY_UIApplicationSupportsIndirectInputEvents = YES;
				INFOPLIST_KEY_UILaunchStoryboardName = LaunchScreen;
				INFOPLIST_KEY_UIMainStoryboardFile = Main;
				INFOPLIST_KEY_UISupportedInterfaceOrientations_iPad = "UIInterfaceOrientationPortrait UIInterfaceOrientationPortraitUpsideDown UIInterfaceOrientationLandscapeLeft UIInterfaceOrientationLandscapeRight";
				INFOPLIST_KEY_UISupportedInterfaceOrientations_iPhone = "UIInterfaceOrientationPortrait UIInterfaceOrientationLandscapeLeft UIInterfaceOrientationLandscapeRight";
				LD_RUNPATH_SEARCH_PATHS = (
					"$(inherited)",
					"@executable_path/Frameworks",
				);
				MARKETING_VERSION = 1.0;
				PRODUCT_BUNDLE_IDENTIFIER = "Adrian-Hernandez.PreLab-Assisgment-Codework";
				PRODUCT_NAME = "$(TARGET_NAME)";
				SWIFT_EMIT_LOC_STRINGS = YES;
				SWIFT_VERSION = 5.0;
				TARGETED_DEVICE_FAMILY = "1,2";
			};
			name = Release;
		};
		933B74742B6E053A0088E182 /* Debug */ = {
			isa = XCBuildConfiguration;
			buildSettings = {
				ALWAYS_EMBED_SWIFT_STANDARD_LIBRARIES = YES;
				BUNDLE_LOADER = "$(TEST_HOST)";
				CODE_SIGN_STYLE = Automatic;
				CURRENT_PROJECT_VERSION = 1;
				GENERATE_INFOPLIST_FILE = YES;
				IPHONEOS_DEPLOYMENT_TARGET = 17.2;
				MARKETING_VERSION = 1.0;
				PRODUCT_BUNDLE_IDENTIFIER = "Adrian-Hernandez.PreLab-Assisgment-CodeworkTests";
				PRODUCT_NAME = "$(TARGET_NAME)";
				SWIFT_EMIT_LOC_STRINGS = NO;
				SWIFT_VERSION = 5.0;
				TARGETED_DEVICE_FAMILY = "1,2";
				TEST_HOST = "$(BUILT_PRODUCTS_DIR)/PreLab Assisgment Codework.app/$(BUNDLE_EXECUTABLE_FOLDER_PATH)/PreLab Assisgment Codework";
			};
			name = Debug;
		};
		933B74752B6E053A0088E182 /* Release */ = {
			isa = XCBuildConfiguration;
			buildSettings = {
				ALWAYS_EMBED_SWIFT_STANDARD_LIBRARIES = YES;
				BUNDLE_LOADER = "$(TEST_HOST)";
				CODE_SIGN_STYLE = Automatic;
				CURRENT_PROJECT_VERSION = 1;
				GENERATE_INFOPLIST_FILE = YES;
				IPHONEOS_DEPLOYMENT_TARGET = 17.2;
				MARKETING_VERSION = 1.0;
				PRODUCT_BUNDLE_IDENTIFIER = "Adrian-Hernandez.PreLab-Assisgment-CodeworkTests";
				PRODUCT_NAME = "$(TARGET_NAME)";
				SWIFT_EMIT_LOC_STRINGS = NO;
				SWIFT_VERSION = 5.0;
				TARGETED_DEVICE_FAMILY = "1,2";
				TEST_HOST = "$(BUILT_PRODUCTS_DIR)/PreLab Assisgment Codework.app/$(BUNDLE_EXECUTABLE_FOLDER_PATH)/PreLab Assisgment Codework";
			};
			name = Release;
		};
		933B74772B6E053A0088E182 /* Debug */ = {
			isa = XCBuildConfiguration;
			buildSettings = {
				ALWAYS_EMBED_SWIFT_STANDARD_LIBRARIES = YES;
				CODE_SIGN_STYLE = Automatic;
				CURRENT_PROJECT_VERSION = 1;
				GENERATE_INFOPLIST_FILE = YES;
				MARKETING_VERSION = 1.0;
				PRODUCT_BUNDLE_IDENTIFIER = "Adrian-Hernandez.PreLab-Assisgment-CodeworkUITests";
				PRODUCT_NAME = "$(TARGET_NAME)";
				SWIFT_EMIT_LOC_STRINGS = NO;
				SWIFT_VERSION = 5.0;
				TARGETED_DEVICE_FAMILY = "1,2";
				TEST_TARGET_NAME = "PreLab Assisgment Codework";
			};
			name = Debug;
		};
		933B74782B6E053A0088E182 /* Release */ = {
			isa = XCBuildConfiguration;
			buildSettings = {
				ALWAYS_EMBED_SWIFT_STANDARD_LIBRARIES = YES;
				CODE_SIGN_STYLE = Automatic;
				CURRENT_PROJECT_VERSION = 1;
				GENERATE_INFOPLIST_FILE = YES;
				MARKETING_VERSION = 1.0;
				PRODUCT_BUNDLE_IDENTIFIER = "Adrian-Hernandez.PreLab-Assisgment-CodeworkUITests";
				PRODUCT_NAME = "$(TARGET_NAME)";
				SWIFT_EMIT_LOC_STRINGS = NO;
				SWIFT_VERSION = 5.0;
				TARGETED_DEVICE_FAMILY = "1,2";
				TEST_TARGET_NAME = "PreLab Assisgment Codework";
			};
			name = Release;
		};
/* End XCBuildConfiguration section */

/* Begin XCConfigurationList section */
		933B74412B6E05360088E182 /* Build configuration list for PBXProject "PreLab Assisgment Codework" */ = {
			isa = XCConfigurationList;
			buildConfigurations = (
				933B746E2B6E053A0088E182 /* Debug */,
				933B746F2B6E053A0088E182 /* Release */,
			);
			defaultConfigurationIsVisible = 0;
			defaultConfigurationName = Release;
		};
		933B74702B6E053A0088E182 /* Build configuration list for PBXNativeTarget "PreLab Assisgment Codework" */ = {
			isa = XCConfigurationList;
			buildConfigurations = (
				933B74712B6E053A0088E182 /* Debug */,
				933B74722B6E053A0088E182 /* Release */,
			);
			defaultConfigurationIsVisible = 0;
			defaultConfigurationName = Release;
		};
		933B74732B6E053A0088E182 /* Build configuration list for PBXNativeTarget "PreLab Assisgment CodeworkTests" */ = {
			isa = XCConfigurationList;
			buildConfigurations = (
				933B74742B6E053A0088E182 /* Debug */,
				933B74752B6E053A0088E182 /* Release */,
			);
			defaultConfigurationIsVisible = 0;
			defaultConfigurationName = Release;
		};
		933B74762B6E053A0088E182 /* Build configuration list for PBXNativeTarget "PreLab Assisgment CodeworkUITests" */ = {
			isa = XCConfigurationList;
			buildConfigurations = (
				933B74772B6E053A0088E182 /* Debug */,
				933B74782B6E053A0088E182 /* Release */,
			);
			defaultConfigurationIsVisible = 0;
			defaultConfigurationName = Release;
		};
/* End XCConfigurationList section */
	};
	rootObject = 933B743E2B6E05360088E182 /* Project object */;
}
